<?xml version="1.0" encoding="utf-8"?>
<Project ToolsVersion="4.0" xmlns="http://schemas.microsoft.com/developer/msbuild/2003">
  <ItemGroup>
    <Filter Include="Source Files">
      <UniqueIdentifier>{4FC737F1-C7A5-4376-A066-2A32D752A2FF}</UniqueIdentifier>
      <Extensions>cpp;c;cc;cxx;c++;cppm;ixx;def;odl;idl;hpj;bat;asm;asmx</Extensions>
    </Filter>
    <Filter Include="Header Files">
      <UniqueIdentifier>{93995380-89BD-4b04-88EB-625FBE52EBFB}</UniqueIdentifier>
      <Extensions>h;hh;hpp;hxx;h++;hm;inl;inc;ipp;xsd</Extensions>
    </Filter>
    <Filter Include="Resource Files">
      <UniqueIdentifier>{67DA6AB6-F800-4c08-8B7A-83BB121AAD01}</UniqueIdentifier>
      <Extensions>rc;ico;cur;bmp;dlg;rc2;rct;bin;rgs;gif;jpg;jpeg;jpe;resx;tiff;tif;png;wav;mfcribbon-ms</Extensions>
    </Filter>
  </ItemGroup>
  <ItemGroup>
    <ClInclude Include="src\common.h">
      <Filter>Header Files</Filter>
    </ClInclude>
    <ClInclude Include="src\const.h">
      <Filter>Header Files</Filter>
    </ClInclude>
    <ClInclude Include="src\entity.h">
      <Filter>Header Files</Filter>
    </ClInclude>
    <ClInclude Include="src\main.h">
      <Filter>Header Files</Filter>
    </ClInclude>
    <ClInclude Include="src\player.h">
      <Filter>Header Files</Filter>
    </ClInclude>
    <ClInclude Include="src\playState.h">
      <Filter>Header Files</Filter>
    </ClInclude>
    <ClInclude Include="src\titleState.h">
      <Filter>Header Files</Filter>
    </ClInclude>
    <ClInclude Include="src\system\animation.h">
      <Filter>Header Files</Filter>
    </ClInclude>
    <ClInclude Include="src\system\resource.h">
      <Filter>Header Files</Filter>
    </ClInclude>
    <ClInclude Include="src\enemy.h">
      <Filter>Header Files</Filter>
    </ClInclude>
    <ClInclude Include="src\bullet.h">
      <Filter>Header Files</Filter>
    </ClInclude>
    <ClInclude Include="src\system\particle.h">
      <Filter>Header Files</Filter>
    </ClInclude>
    <ClInclude Include="src\gui\msgBox.h">
      <Filter>Header Files</Filter>
    </ClInclude>
    <ClInclude Include="src\pickup.h">
      <Filter>Header Files</Filter>
    </ClInclude>
    <ClInclude Include="src\spawnZone.h">
      <Filter>Header Files</Filter>
    </ClInclude>
    <ClInclude Include="src\level.h">
      <Filter>Header Files</Filter>
    </ClInclude>
    <ClInclude Include="src\system\utils.h">
      <Filter>Header Files</Filter>
    </ClInclude>
    <ClInclude Include="src\gameWorld.h">
      <Filter>Header Files</Filter>
    </ClInclude>
    <ClInclude Include="src\gui\selectionList.h">
      <Filter>Header Files</Filter>
    </ClInclude>
    <ClInclude Include="src\pauseMenuState.h">
      <Filter>Header Files</Filter>
    </ClInclude>
    <ClInclude Include="src\system\skybox.h">
      <Filter>Header Files</Filter>
    </ClInclude>
  </ItemGroup>
  <ItemGroup>
    <ClCompile Include="src\main.c">
      <Filter>Source Files</Filter>
    </ClCompile>
    <ClCompile Include="src\player.c">
      <Filter>Source Files</Filter>
    </ClCompile>
    <ClCompile Include="src\playState.c">
      <Filter>Source Files</Filter>
    </ClCompile>
    <ClCompile Include="src\titleState.c">
      <Filter>Source Files</Filter>
    </ClCompile>
    <ClCompile Include="src\system\animation.c">
      <Filter>Source Files</Filter>
    </ClCompile>
    <ClCompile Include="src\system\resource.c">
      <Filter>Source Files</Filter>
    </ClCompile>
    <ClCompile Include="src\enemy.c">
      <Filter>Source Files</Filter>
    </ClCompile>
    <ClCompile Include="src\bullet.c">
      <Filter>Source Files</Filter>
    </ClCompile>
    <ClCompile Include="src\system\particle.c">
      <Filter>Source Files</Filter>
    </ClCompile>
    <ClCompile Include="src\gui\msgBox.c">
      <Filter>Source Files</Filter>
    </ClCompile>
    <ClCompile Include="src\pickup.c">
      <Filter>Source Files</Filter>
    </ClCompile>
    <ClCompile Include="src\spawnZone.c">
      <Filter>Source Files</Filter>
    </ClCompile>
    <ClCompile Include="src\level.c">
      <Filter>Source Files</Filter>
    </ClCompile>
    <ClCompile Include="src\system\utils.c">
      <Filter>Source Files</Filter>
    </ClCompile>
    <ClCompile Include="src\gameWorld.c">
      <Filter>Source Files</Filter>
    </ClCompile>
    <ClCompile Include="src\gui\selectionList.c">
      <Filter>Source Files</Filter>
    </ClCompile>
    <ClCompile Include="src\pauseMenuState.c">
      <Filter>Source Files</Filter>
    </ClCompile>
    <ClCompile Include="src\system\skybox.c">
      <Filter>Source Files</Filter>
    </ClCompile>
  </ItemGroup>
</Project>